{
  "name": "nvim",
  "lockfileVersion": 2,
  "requires": true,
  "packages": {
    "": {
      "dependencies": {
        "tree-sitter-cli": "^0.24.1"
      }
    },
    "node_modules/tree-sitter-cli": {
      "version": "0.24.1",
      "resolved": "https://registry.npmjs.org/tree-sitter-cli/-/tree-sitter-cli-0.24.1.tgz",
      "integrity": "sha512-FuMwz8Ix2epWw4lAABiv5FUemZmVrcWHCqL+xsHMj7GM6yzVGkyp/lOLEmon/umi213v217DiPEVk9ckZ7Rmcw==",
      "hasInstallScript": true,
      "bin": {
        "tree-sitter": "cli.js"
      },
      "engines": {
        "node": ">=12.0.0"
      }
    }
  },
  "dependencies": {
    "tree-sitter-cli": {
      "version": "0.24.1",
      "resolved": "https://registry.npmjs.org/tree-sitter-cli/-/tree-sitter-cli-0.24.1.tgz",
      "integrity": "sha512-FuMwz8Ix2epWw4lAABiv5FUemZmVrcWHCqL+xsHMj7GM6yzVGkyp/lOLEmon/umi213v217DiPEVk9ckZ7Rmcw=="
    }
  }
}
